
Microsoft Visual Studio Solution File, Format Version 12.00
# Visual Studio Version 16
VisualStudioVersion = 16.0.31613.86
MinimumVisualStudioVersion = 10.0.40219.1
Project("{FAE04EC0-301F-11D3-BF4B-00C04F79EFBC}") = "Bicycles.WebAPI", "Bicycles.WebAPI.csproj", "{B246DAFD-A1C8-4CE4-B10F-EBD71831BEDC}"
EndProject
Global
	GlobalSection(SolutionConfigurationPlatforms) = preSolution
		Debug|Any CPU = Debug|Any CPU
		Release|Any CPU = Release|Any CPU
	EndGlobalSection
	GlobalSection(ProjectConfigurationPlatforms) = postSolution
		{B246DAFD-A1C8-4CE4-B10F-EBD71831BEDC}.Debug|Any CPU.ActiveCfg = Debug|Any CPU
		{B246DAFD-A1C8-4CE4-B10F-EBD71831BEDC}.Debug|Any CPU.Build.0 = Debug|Any CPU
		{B246DAFD-A1C8-4CE4-B10F-EBD71831BEDC}.Release|Any CPU.ActiveCfg = Release|Any CPU
		{B246DAFD-A1C8-4CE4-B10F-EBD71831BEDC}.Release|Any CPU.Build.0 = Release|Any CPU
	EndGlobalSection
	GlobalSection(SolutionProperties) = preSolution
		HideSolutionNode = FALSE
	EndGlobalSection
	GlobalSection(ExtensibilityGlobals) = postSolution
		SolutionGuid = {D5A140C1-CF9D-44A0-BC1C-08E39DCC03D9}
	EndGlobalSection
EndGlobal
